
Microsoft Visual Studio Solution File, Format Version 12.00
# Visual Studio Version 16
VisualStudioVersion = 16.0.32901.82
MinimumVisualStudioVersion = 10.0.40219.1
Project("{FAE04EC0-301F-11D3-BF4B-00C04F79EFBC}") = "RazorPagesLab3", "RazorPagesLab3.csproj", "{D89809C1-C168-4546-8AD2-6E377FFFDA95}"
EndProject
Global
	GlobalSection(SolutionConfigurationPlatforms) = preSolution
		Debug|Any CPU = Debug|Any CPU
		Release|Any CPU = Release|Any CPU
	EndGlobalSection
	GlobalSection(ProjectConfigurationPlatforms) = postSolution
		{D89809C1-C168-4546-8AD2-6E377FFFDA95}.Debug|Any CPU.ActiveCfg = Debug|Any CPU
		{D89809C1-C168-4546-8AD2-6E377FFFDA95}.Debug|Any CPU.Build.0 = Debug|Any CPU
		{D89809C1-C168-4546-8AD2-6E377FFFDA95}.Release|Any CPU.ActiveCfg = Release|Any CPU
		{D89809C1-C168-4546-8AD2-6E377FFFDA95}.Release|Any CPU.Build.0 = Release|Any CPU
	EndGlobalSection
	GlobalSection(SolutionProperties) = preSolution
		HideSolutionNode = FALSE
	EndGlobalSection
	GlobalSection(ExtensibilityGlobals) = postSolution
		SolutionGuid = {3EF24BF0-EF42-4ACA-B075-EDE58508B8C7}
	EndGlobalSection
EndGlobal
